
Microsoft Visual Studio Solution File, Format Version 12.00
# Visual Studio Version 16
VisualStudioVersion = 16.0.29613.14
MinimumVisualStudioVersion = 10.0.40219.1
Project("{8BC9CEB8-8B4A-11D0-8D11-00A0C91BC942}") = "CTN_05_Hardware_3D_DirectX", "CTN_05_Hardware_3D_DirectX\CTN_05_Hardware_3D_DirectX.vcxproj", "{17A12110-F8DB-45D0-B121-9799083458A0}"
EndProject
Global
	GlobalSection(SolutionConfigurationPlatforms) = preSolution
		Debug|x64 = Debug|x64
		Release|x64 = Release|x64
	EndGlobalSection
	GlobalSection(ProjectConfigurationPlatforms) = postSolution
		{17A12110-F8DB-45D0-B121-9799083458A0}.Debug|x64.ActiveCfg = Debug|x64
		{17A12110-F8DB-45D0-B121-9799083458A0}.Debug|x64.Build.0 = Debug|x64
		{17A12110-F8DB-45D0-B121-9799083458A0}.Release|x64.ActiveCfg = Release|x64
		{17A12110-F8DB-45D0-B121-9799083458A0}.Release|x64.Build.0 = Release|x64
	EndGlobalSection
	GlobalSection(SolutionProperties) = preSolution
		HideSolutionNode = FALSE
	EndGlobalSection
	GlobalSection(ExtensibilityGlobals) = postSolution
		SolutionGuid = {3F41CA22-50EB-4C1B-8DBB-54307780677C}
	EndGlobalSection
EndGlobal
