<?xml version="1.0" encoding="utf-8"?>
<Project ToolsVersion="4.0" xmlns="http://schemas.microsoft.com/developer/msbuild/2003">
  <ItemGroup>
    <Filter Include="File di origine">
      <UniqueIdentifier>{4FC737F1-C7A5-4376-A066-2A32D752A2FF}</UniqueIdentifier>
      <Extensions>cpp;c;cc;cxx;def;odl;idl;hpj;bat;asm;asmx</Extensions>
    </Filter>
    <Filter Include="File di intestazione">
      <UniqueIdentifier>{93995380-89BD-4b04-88EB-625FBE52EBFB}</UniqueIdentifier>
      <Extensions>h;hh;hpp;hxx;hm;inl;inc;ipp;xsd</Extensions>
    </Filter>
    <Filter Include="File di risorse">
      <UniqueIdentifier>{67DA6AB6-F800-4c08-8B7A-83BB121AAD01}</UniqueIdentifier>
      <Extensions>rc;ico;cur;bmp;dlg;rc2;rct;bin;rgs;gif;jpg;jpeg;jpe;resx;tiff;tif;png;wav;mfcribbon-ms</Extensions>
    </Filter>
    <Filter Include="Shader">
      <UniqueIdentifier>{bcd53d39-dd43-4047-a4e7-beeeb5639ea1}</UniqueIdentifier>
    </Filter>
    <Filter Include="File di intestazione\Macros">
      <UniqueIdentifier>{f11f7b20-3737-4532-9bec-359b0294ad1c}</UniqueIdentifier>
    </Filter>
    <Filter Include="File di intestazione\Drawable">
      <UniqueIdentifier>{6a7e37c5-f960-4206-9a71-b5decdbef9eb}</UniqueIdentifier>
    </Filter>
    <Filter Include="File di origine\Bindable">
      <UniqueIdentifier>{7e4d3d81-d0bd-4446-9582-6fa69c36a3d8}</UniqueIdentifier>
    </Filter>
    <Filter Include="File di intestazione\Bindable">
      <UniqueIdentifier>{c1ec2549-e840-4edd-8366-e5e897af908a}</UniqueIdentifier>
    </Filter>
    <Filter Include="File di origine\Drawable">
      <UniqueIdentifier>{3b0bc15b-08b3-42c4-b2fc-56cdd2f32885}</UniqueIdentifier>
    </Filter>
    <Filter Include="File di intestazione\Geometry">
      <UniqueIdentifier>{d1b9e513-dc28-440c-8583-cbdb95029f4e}</UniqueIdentifier>
    </Filter>
    <Filter Include="File di intestazione\imgui">
      <UniqueIdentifier>{75bcd706-a314-4504-a553-713e4e437bd8}</UniqueIdentifier>
    </Filter>
    <Filter Include="File di origine\imgui">
      <UniqueIdentifier>{4ec2c7b9-ec01-45c5-a043-acc8d7b1d5e6}</UniqueIdentifier>
    </Filter>
    <Filter Include="File di intestazione\Jobber">
      <UniqueIdentifier>{cc27def3-6422-428e-8962-3338c23b2b5c}</UniqueIdentifier>
    </Filter>
    <Filter Include="File di origine\Jobber">
      <UniqueIdentifier>{1f1b66f3-3915-43cb-a8da-3b79335ec031}</UniqueIdentifier>
    </Filter>
    <Filter Include="File di intestazione\Model">
      <UniqueIdentifier>{09b08382-4572-4c77-8a63-0d224d95476e}</UniqueIdentifier>
    </Filter>
    <Filter Include="File di origine\Model">
      <UniqueIdentifier>{16152dc8-85ae-48f8-a414-5db981e713f5}</UniqueIdentifier>
    </Filter>
    <Filter Include="File di origine\Jobber\Passlib">
      <UniqueIdentifier>{bf2d39a6-5a7d-4195-95c9-9f5ccc0e2a41}</UniqueIdentifier>
    </Filter>
    <Filter Include="File di intestazione\Jobber\Passlib">
      <UniqueIdentifier>{ed83383c-35f3-45ea-831e-fbb752c86b2a}</UniqueIdentifier>
    </Filter>
    <Filter Include="File di intestazione\Jobber\Passlib\Base">
      <UniqueIdentifier>{d7354835-5b39-4bc9-92bc-e81535dda036}</UniqueIdentifier>
    </Filter>
    <Filter Include="File di origine\Jobber\Passlib\Base">
      <UniqueIdentifier>{6c55211e-eaf7-4dd2-b97e-2137d7522dd1}</UniqueIdentifier>
    </Filter>
    <Filter Include="File di intestazione\Jobber\Graphlib">
      <UniqueIdentifier>{f7a26029-2f1d-4f42-8aed-12aebaef1c11}</UniqueIdentifier>
    </Filter>
    <Filter Include="Shader\Common">
      <UniqueIdentifier>{8bc3783c-04e2-4650-97f7-573b15571d4b}</UniqueIdentifier>
    </Filter>
  </ItemGroup>
  <ItemGroup>
    <ClCompile Include="src\WinMain.cpp">
      <Filter>File di origine</Filter>
    </ClCompile>
    <ClCompile Include="src\WindowsMessageMap.cpp">
      <Filter>File di origine</Filter>
    </ClCompile>
    <ClCompile Include="src\Window.cpp">
      <Filter>File di origine</Filter>
    </ClCompile>
    <ClCompile Include="src\ChiliException.cpp">
      <Filter>File di origine</Filter>
    </ClCompile>
    <ClCompile Include="src\Mouse.cpp">
      <Filter>File di origine</Filter>
    </ClCompile>
    <ClCompile Include="src\App.cpp">
      <Filter>File di origine</Filter>
    </ClCompile>
    <ClCompile Include="src\ChiliTimer.cpp">
      <Filter>File di origine</Filter>
    </ClCompile>
    <ClCompile Include="src\Graphics.cpp">
      <Filter>File di origine</Filter>
    </ClCompile>
    <ClCompile Include="src\dxerr.cpp">
      <Filter>File di origine</Filter>
    </ClCompile>
    <ClCompile Include="src\DxgiInfoManager.cpp">
      <Filter>File di origine</Filter>
    </ClCompile>
    <ClCompile Include="src\InputLayout.cpp">
      <Filter>File di origine\Bindable</Filter>
    </ClCompile>
    <ClCompile Include="src\IndexBuffer.cpp">
      <Filter>File di origine\Bindable</Filter>
    </ClCompile>
    <ClCompile Include="src\PixelShader.cpp">
      <Filter>File di origine\Bindable</Filter>
    </ClCompile>
    <ClCompile Include="src\Topology.cpp">
      <Filter>File di origine\Bindable</Filter>
    </ClCompile>
    <ClCompile Include="src\TransformCbuf.cpp">
      <Filter>File di origine\Bindable</Filter>
    </ClCompile>
    <ClCompile Include="src\VertexBuffer.cpp">
      <Filter>File di origine\Bindable</Filter>
    </ClCompile>
    <ClCompile Include="src\VertexShader.cpp">
      <Filter>File di origine\Bindable</Filter>
    </ClCompile>
    <ClCompile Include="src\Drawable.cpp">
      <Filter>File di origine\Drawable</Filter>
    </ClCompile>
    <ClCompile Include="src\Texture.cpp">
      <Filter>File di origine\Bindable</Filter>
    </ClCompile>
    <ClCompile Include="src\Sampler.cpp">
      <Filter>File di origine\Bindable</Filter>
    </ClCompile>
    <ClCompile Include="src\imgui\imgui.cpp">
      <Filter>File di origine\imgui</Filter>
    </ClCompile>
    <ClCompile Include="src\imgui\imgui_demo.cpp">
      <Filter>File di origine\imgui</Filter>
    </ClCompile>
    <ClCompile Include="src\imgui\imgui_draw.cpp">
      <Filter>File di origine\imgui</Filter>
    </ClCompile>
    <ClCompile Include="src\imgui\imgui_impl_dx11.cpp">
      <Filter>File di origine\imgui</Filter>
    </ClCompile>
    <ClCompile Include="src\imgui\imgui_impl_win32.cpp">
      <Filter>File di origine\imgui</Filter>
    </ClCompile>
    <ClCompile Include="src\imgui\imgui_widgets.cpp">
      <Filter>File di origine\imgui</Filter>
    </ClCompile>
    <ClCompile Include="src\Keyboard.cpp">
      <Filter>File di origine\imgui</Filter>
    </ClCompile>
    <ClCompile Include="src\ImguiManager.cpp">
      <Filter>File di origine</Filter>
    </ClCompile>
    <ClCompile Include="src\Camera.cpp">
      <Filter>File di origine</Filter>
    </ClCompile>
    <ClCompile Include="src\PointLight.cpp">
      <Filter>File di origine</Filter>
    </ClCompile>
    <ClCompile Include="src\Surface.cpp">
      <Filter>File di origine</Filter>
    </ClCompile>
    <ClCompile Include="src\SolidSphere.cpp">
      <Filter>File di origine\Drawable</Filter>
    </ClCompile>
    <ClCompile Include="src\Vertex.cpp">
      <Filter>File di origine</Filter>
    </ClCompile>
    <ClCompile Include="src\TestPlane.cpp">
      <Filter>File di origine\Drawable</Filter>
    </ClCompile>
    <ClCompile Include="src\TestCube.cpp">
      <Filter>File di origine\Drawable</Filter>
    </ClCompile>
    <ClCompile Include="src\ChiliXM.cpp">
      <Filter>File di origine</Filter>
    </ClCompile>
    <ClCompile Include="src\TexturePreprocessor.cpp">
      <Filter>File di origine</Filter>
    </ClCompile>
    <ClCompile Include="src\Blender.cpp">
      <Filter>File di origine\Bindable</Filter>
    </ClCompile>
    <ClCompile Include="src\Rasterizer.cpp">
      <Filter>File di origine\Bindable</Filter>
    </ClCompile>
    <ClCompile Include="src\ChiliUtil.cpp">
      <Filter>File di origine</Filter>
    </ClCompile>
    <ClCompile Include="src\ScriptCommander.cpp">
      <Filter>File di origine</Filter>
    </ClCompile>
    <ClCompile Include="src\DynamicConstant.cpp">
      <Filter>File di origine</Filter>
    </ClCompile>
    <ClCompile Include="src\LayoutCodex.cpp">
      <Filter>File di origine</Filter>
    </ClCompile>
    <ClCompile Include="src\Testing.cpp">
      <Filter>File di origine</Filter>
    </ClCompile>
    <ClCompile Include="src\Step.cpp">
      <Filter>File di origine\Jobber</Filter>
    </ClCompile>
    <ClCompile Include="src\Technique.cpp">
      <Filter>File di origine\Jobber</Filter>
    </ClCompile>
    <ClCompile Include="src\Job.cpp">
      <Filter>File di origine\Jobber</Filter>
    </ClCompile>
    <ClCompile Include="src\Mesh.cpp">
      <Filter>File di origine\Model</Filter>
    </ClCompile>
    <ClCompile Include="src\Material.cpp">
      <Filter>File di origine\Model</Filter>
    </ClCompile>
    <ClCompile Include="src\Node.cpp">
      <Filter>File di origine\Model</Filter>
    </ClCompile>
    <ClCompile Include="src\ModelException.cpp">
      <Filter>File di origine\Model</Filter>
    </ClCompile>
    <ClCompile Include="src\Model.cpp">
      <Filter>File di origine\Model</Filter>
    </ClCompile>
    <ClCompile Include="src\GraphicsResource.cpp">
      <Filter>File di origine</Filter>
    </ClCompile>
    <ClCompile Include="src\BufferClearPass.cpp">
      <Filter>File di origine</Filter>
    </ClCompile>
    <ClCompile Include="src\RenderQueuePass.cpp">
      <Filter>File di origine\Jobber\Passlib</Filter>
    </ClCompile>
    <ClCompile Include="src\FullscreenPass.cpp">
      <Filter>File di origine\Jobber\Passlib</Filter>
    </ClCompile>
    <ClCompile Include="src\RenderGraphCompileException.cpp">
      <Filter>File di origine\Jobber\Passlib</Filter>
    </ClCompile>
    <ClCompile Include="src\StepLinkingProbe.cpp">
      <Filter>File di origine\Jobber</Filter>
    </ClCompile>
    <ClCompile Include="src\RenderTarget.cpp">
      <Filter>File di origine\Bindable</Filter>
    </ClCompile>
    <ClCompile Include="src\DepthStencil.cpp">
      <Filter>File di origine\Bindable</Filter>
    </ClCompile>
    <ClCompile Include="src\BindingPass.cpp">
      <Filter>File di origine\Jobber\Passlib</Filter>
    </ClCompile>
    <ClCompile Include="src\Pass.cpp">
      <Filter>File di origine\Jobber\Passlib</Filter>
    </ClCompile>
    <ClCompile Include="src\RenderGraph.cpp">
      <Filter>File di origine\Jobber</Filter>
    </ClCompile>
    <ClCompile Include="src\TransformCbufScaling.cpp">
      <Filter>File di origine\Bindable</Filter>
    </ClCompile>
    <ClCompile Include="src\VerticalBlurPass.cpp">
      <Filter>File di origine\Jobber\Passlib</Filter>
    </ClCompile>
    <ClCompile Include="src\ScaleOutlineRenderGraph.cpp">
      <Filter>File di origine</Filter>
    </ClCompile>
    <ClCompile Include="src\HorizontalBlurPass.cpp">
      <Filter>File di origine\Jobber\Passlib</Filter>
    </ClCompile>
    <ClCompile Include="src\BlurOutlineRenderGraph.cpp">
      <Filter>File di origine</Filter>
    </ClCompile>
    <ClCompile Include="src\NullPixelShader.cpp">
      <Filter>File di origine\Bindable</Filter>
    </ClCompile>
    <ClCompile Include="src\Sink.cpp">
      <Filter>File di origine\Jobber\Passlib</Filter>
    </ClCompile>
    <ClCompile Include="src\Source.cpp">
      <Filter>File di origine\Jobber\Passlib\Base</Filter>
    </ClCompile>
    <ClCompile Include="src\CameraContainer.cpp">
      <Filter>File di origine</Filter>
    </ClCompile>
    <ClCompile Include="src\Projection.cpp">
      <Filter>File di origine</Filter>
    </ClCompile>
    <ClCompile Include="src\CameraIndicator.cpp">
      <Filter>File di origine</Filter>
    </ClCompile>
    <ClCompile Include="src\Frustum.cpp">
      <Filter>File di origine</Filter>
    </ClCompile>
    <ClCompile Include="src\ShadowCameraCBuf.cpp">
      <Filter>File di origine\Bindable</Filter>
    </ClCompile>
    <ClCompile Include="src\ShadowSampler.cpp">
      <Filter>File di origine\Bindable</Filter>
    </ClCompile>
    <ClCompile Include="src\ShadowRasterizer.cpp">
      <Filter>File di origine\Bindable</Filter>
    </ClCompile>
    <ClCompile Include="src\SkyboxTransformCbuf.cpp">
      <Filter>File di origine\Bindable</Filter>
    </ClCompile>
    <ClCompile Include="src\CubeTexture.cpp">
      <Filter>File di origine\Bindable</Filter>
    </ClCompile>
    <ClCompile Include="src\cnpy.cpp">
      <Filter>File di origine</Filter>
    </ClCompile>
  </ItemGroup>
  <ItemGroup>
    <ClInclude Include="src\WindowsMessageMap.h">
      <Filter>File di intestazione</Filter>
    </ClInclude>
    <ClInclude Include="src\ChiliWin.h">
      <Filter>File di intestazione</Filter>
    </ClInclude>
    <ClInclude Include="src\Window.h">
      <Filter>File di intestazione</Filter>
    </ClInclude>
    <ClInclude Include="src\ChiliException.h">
      <Filter>File di intestazione</Filter>
    </ClInclude>
    <ClInclude Include="src\resource.h">
      <Filter>File di intestazione</Filter>
    </ClInclude>
    <ClInclude Include="src\Keyboard.h">
      <Filter>File di intestazione</Filter>
    </ClInclude>
    <ClInclude Include="src\Mouse.h">
      <Filter>File di intestazione</Filter>
    </ClInclude>
    <ClInclude Include="src\App.h">
      <Filter>File di intestazione</Filter>
    </ClInclude>
    <ClInclude Include="src\ChiliTimer.h">
      <Filter>File di intestazione</Filter>
    </ClInclude>
    <ClInclude Include="src\Graphics.h">
      <Filter>File di intestazione</Filter>
    </ClInclude>
    <ClInclude Include="src\DxgiInfoManager.h">
      <Filter>File di intestazione</Filter>
    </ClInclude>
    <ClInclude Include="src\GraphicsThrowMacros.h">
      <Filter>File di intestazione\Macros</Filter>
    </ClInclude>
    <ClInclude Include="src\WindowsThrowMacros.h">
      <Filter>File di intestazione\Macros</Filter>
    </ClInclude>
    <ClInclude Include="src\Bindable.h">
      <Filter>File di intestazione\Bindable</Filter>
    </ClInclude>
    <ClInclude Include="src\ConstantBuffers.h">
      <Filter>File di intestazione\Bindable</Filter>
    </ClInclude>
    <ClInclude Include="src\IndexBuffer.h">
      <Filter>File di intestazione\Bindable</Filter>
    </ClInclude>
    <ClInclude Include="src\InputLayout.h">
      <Filter>File di intestazione\Bindable</Filter>
    </ClInclude>
    <ClInclude Include="src\PixelShader.h">
      <Filter>File di intestazione\Bindable</Filter>
    </ClInclude>
    <ClInclude Include="src\Topology.h">
      <Filter>File di intestazione\Bindable</Filter>
    </ClInclude>
    <ClInclude Include="src\TransformCbuf.h">
      <Filter>File di intestazione\Bindable</Filter>
    </ClInclude>
    <ClInclude Include="src\VertexBuffer.h">
      <Filter>File di intestazione\Bindable</Filter>
    </ClInclude>
    <ClInclude Include="src\VertexShader.h">
      <Filter>File di intestazione\Bindable</Filter>
    </ClInclude>
    <ClInclude Include="src\dxerr.h">
      <Filter>File di intestazione</Filter>
    </ClInclude>
    <ClInclude Include="src\Drawable.h">
      <Filter>File di intestazione\Drawable</Filter>
    </ClInclude>
    <ClInclude Include="src\Sphere.h">
      <Filter>File di intestazione\Geometry</Filter>
    </ClInclude>
    <ClInclude Include="src\IndexedTriangleList.h">
      <Filter>File di intestazione\Geometry</Filter>
    </ClInclude>
    <ClInclude Include="src\ChiliMath.h">
      <Filter>File di intestazione\Geometry</Filter>
    </ClInclude>
    <ClInclude Include="src\Surface.h">
      <Filter>File di intestazione</Filter>
    </ClInclude>
    <ClInclude Include="src\Texture.h">
      <Filter>File di intestazione\Bindable</Filter>
    </ClInclude>
    <ClInclude Include="src\Sampler.h">
      <Filter>File di intestazione\Bindable</Filter>
    </ClInclude>
    <ClInclude Include="src\imgui\imconfig.h">
      <Filter>File di intestazione\imgui</Filter>
    </ClInclude>
    <ClInclude Include="src\imgui\imgui.h">
      <Filter>File di intestazione\imgui</Filter>
    </ClInclude>
    <ClInclude Include="src\imgui\imgui_impl_dx11.h">
      <Filter>File di intestazione\imgui</Filter>
    </ClInclude>
    <ClInclude Include="src\imgui\imgui_impl_win32.h">
      <Filter>File di intestazione\imgui</Filter>
    </ClInclude>
    <ClInclude Include="src\imgui\imgui_internal.h">
      <Filter>File di intestazione\imgui</Filter>
    </ClInclude>
    <ClInclude Include="src\imgui\imstb_rectpack.h">
      <Filter>File di intestazione\imgui</Filter>
    </ClInclude>
    <ClInclude Include="src\imgui\imstb_textedit.h">
      <Filter>File di intestazione\imgui</Filter>
    </ClInclude>
    <ClInclude Include="src\imgui\imstb_truetype.h">
      <Filter>File di intestazione\imgui</Filter>
    </ClInclude>
    <ClInclude Include="src\ImguiManager.h">
      <Filter>File di intestazione</Filter>
    </ClInclude>
    <ClInclude Include="src\Camera.h">
      <Filter>File di intestazione</Filter>
    </ClInclude>
    <ClInclude Include="src\PointLight.h">
      <Filter>File di intestazione</Filter>
    </ClInclude>
    <ClInclude Include="src\SolidSphere.h">
      <Filter>File di intestazione\Drawable</Filter>
    </ClInclude>
    <ClInclude Include="src\BindableCommon.h">
      <Filter>File di intestazione\Bindable</Filter>
    </ClInclude>
    <ClInclude Include="src\Color.h">
      <Filter>File di intestazione</Filter>
    </ClInclude>
    <ClInclude Include="src\ConditionalNoexcept.h">
      <Filter>File di intestazione</Filter>
    </ClInclude>
    <ClInclude Include="src\BindableCodex.h">
      <Filter>File di intestazione\Bindable</Filter>
    </ClInclude>
    <ClInclude Include="src\Plane.h">
      <Filter>File di intestazione\Geometry</Filter>
    </ClInclude>
    <ClInclude Include="src\TestPlane.h">
      <Filter>File di intestazione\Drawable</Filter>
    </ClInclude>
    <ClInclude Include="src\Cube.h">
      <Filter>File di intestazione\Geometry</Filter>
    </ClInclude>
    <ClInclude Include="src\TestCube.h">
      <Filter>File di intestazione\Drawable</Filter>
    </ClInclude>
    <ClInclude Include="src\ChiliXM.h">
      <Filter>File di intestazione</Filter>
    </ClInclude>
    <ClInclude Include="src\TexturePreprocessor.h">
      <Filter>File di intestazione</Filter>
    </ClInclude>
    <ClInclude Include="src\Blender.h">
      <Filter>File di intestazione\Bindable</Filter>
    </ClInclude>
    <ClInclude Include="src\Rasterizer.h">
      <Filter>File di intestazione\Bindable</Filter>
    </ClInclude>
    <ClInclude Include="src\ChiliUtil.h">
      <Filter>File di intestazione</Filter>
    </ClInclude>
    <ClInclude Include="src\ScriptCommander.h">
      <Filter>File di intestazione</Filter>
    </ClInclude>
    <ClInclude Include="src\json.hpp">
      <Filter>File di intestazione</Filter>
    </ClInclude>
    <ClInclude Include="src\DynamicConstant.h">
      <Filter>File di intestazione</Filter>
    </ClInclude>
    <ClInclude Include="src\ConstantBuffersEx.h">
      <Filter>File di intestazione\Bindable</Filter>
    </ClInclude>
    <ClInclude Include="src\LayoutCodex.h">
      <Filter>File di intestazione</Filter>
    </ClInclude>
    <ClInclude Include="src\Testing.h">
      <Filter>File di intestazione</Filter>
    </ClInclude>
    <ClInclude Include="src\Stencil.h">
      <Filter>File di intestazione\Bindable</Filter>
    </ClInclude>
    <ClInclude Include="src\Step.h">
      <Filter>File di intestazione\Jobber</Filter>
    </ClInclude>
    <ClInclude Include="src\Technique.h">
      <Filter>File di intestazione\Jobber</Filter>
    </ClInclude>
    <ClInclude Include="src\Job.h">
      <Filter>File di intestazione\Jobber</Filter>
    </ClInclude>
    <ClInclude Include="src\PerfLog.h">
      <Filter>File di intestazione</Filter>
    </ClInclude>
    <ClInclude Include="src\TechniqueProbe.h">
      <Filter>File di intestazione\Jobber</Filter>
    </ClInclude>
    <ClInclude Include="src\Material.h">
      <Filter>File di intestazione\Model</Filter>
    </ClInclude>
    <ClInclude Include="src\Mesh.h">
      <Filter>File di intestazione\Model</Filter>
    </ClInclude>
    <ClInclude Include="src\Node.h">
      <Filter>File di intestazione\Model</Filter>
    </ClInclude>
    <ClInclude Include="src\ModelException.h">
      <Filter>File di intestazione\Model</Filter>
    </ClInclude>
    <ClInclude Include="src\Model.h">
      <Filter>File di intestazione\Model</Filter>
    </ClInclude>
    <ClInclude Include="src\ModelProbe.h">
      <Filter>File di intestazione\Model</Filter>
    </ClInclude>
    <ClInclude Include="src\GraphicsResource.h">
      <Filter>File di intestazione</Filter>
    </ClInclude>
    <ClInclude Include="src\BufferClearPass.h">
      <Filter>File di intestazione</Filter>
    </ClInclude>
    <ClInclude Include="src\BufferResource.h">
      <Filter>File di intestazione</Filter>
    </ClInclude>
    <ClInclude Include="src\BindingPass.h">
      <Filter>File di intestazione\Jobber\Passlib</Filter>
    </ClInclude>
    <ClInclude Include="src\FullscreenPass.h">
      <Filter>File di intestazione\Jobber\Passlib</Filter>
    </ClInclude>
    <ClInclude Include="src\RenderGraphCompileException.h">
      <Filter>File di intestazione\Jobber\Passlib</Filter>
    </ClInclude>
    <ClInclude Include="src\RenderQueuePass.h">
      <Filter>File di intestazione\Jobber\Passlib</Filter>
    </ClInclude>
    <ClInclude Include="src\Pass.h">
      <Filter>File di intestazione\Jobber\Passlib</Filter>
    </ClInclude>
    <ClInclude Include="src\RenderGraph.h">
      <Filter>File di intestazione\Jobber</Filter>
    </ClInclude>
    <ClInclude Include="src\StepLinkingProbe.h">
      <Filter>File di intestazione\Jobber</Filter>
    </ClInclude>
    <ClInclude Include="src\RenderTarget.h">
      <Filter>File di intestazione\Bindable</Filter>
    </ClInclude>
    <ClInclude Include="src\DepthStencil.h">
      <Filter>File di intestazione\Bindable</Filter>
    </ClInclude>
    <ClInclude Include="src\OutlineDrawingPass.h">
      <Filter>File di intestazione\Jobber\Passlib</Filter>
    </ClInclude>
    <ClInclude Include="src\OutlineMaskGenerationPass.h">
      <Filter>File di intestazione\Jobber\Passlib</Filter>
    </ClInclude>
    <ClInclude Include="src\TransformCbufScaling.h">
      <Filter>File di intestazione\Bindable</Filter>
    </ClInclude>
    <ClInclude Include="src\TestModelProbe.h">
      <Filter>File di intestazione</Filter>
    </ClInclude>
    <ClInclude Include="src\VerticalBlurPass.h">
      <Filter>File di intestazione\Jobber\Passlib</Filter>
    </ClInclude>
    <ClInclude Include="src\ScaleOutlineRenderGraph.h">
      <Filter>File di intestazione</Filter>
    </ClInclude>
    <ClInclude Include="src\HorizontalBlurPass.h">
      <Filter>File di intestazione\Jobber\Passlib</Filter>
    </ClInclude>
    <ClInclude Include="src\BlurOutlineRenderGraph.h">
      <Filter>File di intestazione</Filter>
    </ClInclude>
    <ClInclude Include="src\BlurOutlineDrawingPass.h">
      <Filter>File di intestazione\Jobber\Passlib</Filter>
    </ClInclude>
    <ClInclude Include="src\NullPixelShader.h">
      <Filter>File di intestazione\Bindable</Filter>
    </ClInclude>
    <ClInclude Include="src\Source.h">
      <Filter>File di intestazione\Jobber\Passlib\Base</Filter>
    </ClInclude>
    <ClInclude Include="src\LambertianPass.h">
      <Filter>File di intestazione\Jobber\Passlib</Filter>
    </ClInclude>
    <ClInclude Include="src\Sink.h">
      <Filter>File di intestazione\Jobber\Passlib</Filter>
    </ClInclude>
    <ClInclude Include="src\ChiliWRL.h">
      <Filter>File di intestazione</Filter>
    </ClInclude>
    <ClInclude Include="src\CameraContainer.h">
      <Filter>File di intestazione</Filter>
    </ClInclude>
    <ClInclude Include="src\Projection.h">
      <Filter>File di intestazione</Filter>
    </ClInclude>
    <ClInclude Include="src\CameraIndicator.h">
      <Filter>File di intestazione</Filter>
    </ClInclude>
    <ClInclude Include="src\Frustum.h">
      <Filter>File di intestazione</Filter>
    </ClInclude>
    <ClInclude Include="src\WireframePass.h">
      <Filter>File di intestazione\Jobber</Filter>
    </ClInclude>
    <ClInclude Include="src\Channels.h">
      <Filter>File di intestazione\Jobber\Graphlib</Filter>
    </ClInclude>
    <ClInclude Include="src\ShadowMappingPass.h">
      <Filter>File di intestazione\Jobber\Passlib</Filter>
    </ClInclude>
    <ClInclude Include="src\ShadowCameraCBuf.h">
      <Filter>File di intestazione\Bindable</Filter>
    </ClInclude>
    <ClInclude Include="src\ShadowSampler.h">
      <Filter>File di intestazione\Bindable</Filter>
    </ClInclude>
    <ClInclude Include="src\ShadowRasterizer.h">
      <Filter>File di intestazione\Bindable</Filter>
    </ClInclude>
    <ClInclude Include="src\SkyboxTransformCbuf.h">
      <Filter>File di intestazione\Bindable</Filter>
    </ClInclude>
    <ClInclude Include="src\CubeTexture.h">
      <Filter>File di intestazione\Bindable</Filter>
    </ClInclude>
    <ClInclude Include="src\SkyboxPass.h">
      <Filter>File di intestazione\Jobber\Passlib</Filter>
    </ClInclude>
    <ClInclude Include="src\Vertex.h">
      <Filter>File di intestazione\Bindable</Filter>
    </ClInclude>
    <ClInclude Include="src\Viewport.h">
      <Filter>File di intestazione\Bindable</Filter>
    </ClInclude>
    <ClInclude Include="src\cnpy.h">
      <Filter>File di intestazione</Filter>
    </ClInclude>
  </ItemGroup>
  <ItemGroup>
    <Image Include="src\chili.ico">
      <Filter>File di risorse</Filter>
    </Image>
  </ItemGroup>
  <ItemGroup>
    <ResourceCompile Include="src\CTN_05_Hardware_3D_DirectX.rc">
      <Filter>File di risorse</Filter>
    </ResourceCompile>
  </ItemGroup>
  <ItemGroup>
    <None Include="src\CTN_05_Hardware_3D_DirectX.aps" />
    <None Include="src\DXGetErrorDescription.inl">
      <Filter>File di intestazione</Filter>
    </None>
    <None Include="src\DXGetErrorString.inl">
      <Filter>File di intestazione</Filter>
    </None>
    <None Include="src\DXTrace.inl">
      <Filter>File di intestazione</Filter>
    </None>
    <None Include="src\process.json" />
    <None Include="Transform.hlsli">
      <Filter>Shader\Common</Filter>
    </None>
    <None Include="ShaderOps.hlsli">
      <Filter>Shader\Common</Filter>
    </None>
    <None Include="LightVectorData.hlsli">
      <Filter>Shader\Common</Filter>
    </None>
    <None Include="VShadow.hlsli">
      <Filter>Shader\Common</Filter>
    </None>
    <None Include="PointLight.hlsli">
      <Filter>Shader\Common</Filter>
    </None>
    <None Include="PShadow.hlsli">
      <Filter>Shader\Common</Filter>
    </None>
    <None Include="_PShadow_Static.hlsli">
      <Filter>Shader\Common</Filter>
    </None>
    <None Include="_PShadow_Dynamic.hlsli">
      <Filter>Shader\Common</Filter>
    </None>
  </ItemGroup>
  <ItemGroup>
    <FxCompile Include="Solid_PS.hlsl" />
    <FxCompile Include="Solid_VS.hlsl" />
    <FxCompile Include="Phong_VS.hlsl">
      <Filter>Shader</Filter>
    </FxCompile>
    <FxCompile Include="Phong_PS.hlsl">
      <Filter>Shader</Filter>
    </FxCompile>
    <FxCompile Include="PhongDifSpc_VS.hlsl" />
    <FxCompile Include="PhongDifSpc_PS.hlsl">
      <Filter>Shader</Filter>
    </FxCompile>
    <FxCompile Include="PhongDifSpcNrm_VS.hlsl" />
    <FxCompile Include="PhongDifSpcNrm_PS.hlsl">
      <Filter>Shader</Filter>
    </FxCompile>
    <FxCompile Include="PhongDifNrm_VS.hlsl">
      <Filter>Shader</Filter>
    </FxCompile>
    <FxCompile Include="PhongDifNrm_PS.hlsl">
      <Filter>Shader</Filter>
    </FxCompile>
    <FxCompile Include="PhongDifMskSpcNrm_VS.hlsl" />
    <FxCompile Include="PhongDifMskSpcNrm_PS.hlsl" />
    <FxCompile Include="PhongDif_VS.hlsl" />
    <FxCompile Include="PhongDif_PS.hlsl" />
    <FxCompile Include="PhongPS.hlsl" />
    <FxCompile Include="PhongVS.hlsl" />
    <FxCompile Include="Fullscreen_VS.hlsl" />
    <FxCompile Include="Blur_PS.hlsl" />
    <FxCompile Include="BlurOutline_PS.hlsl" />
    <FxCompile Include="PhongDifMskSpc_PS.hlsl" />
    <FxCompile Include="PhongDifMskSpc_VS.hlsl" />
    <FxCompile Include="ShadowTest_VS.hlsl" />
    <FxCompile Include="ShadowTest_PS.hlsl" />
    <FxCompile Include="Offset_VS_deprecated.hlsl">
      <Filter>Shader</Filter>
    </FxCompile>
    <FxCompile Include="Skybox_VS.hlsl">
      <Filter>Shader</Filter>
    </FxCompile>
    <FxCompile Include="Skybox_PS.hlsl">
      <Filter>Shader</Filter>
    </FxCompile>
    <FxCompile Include="Shadow_VS.hlsl">
      <Filter>Shader</Filter>
    </FxCompile>
    <FxCompile Include="Shadow_PS.hlsl">
      <Filter>Shader</Filter>
    </FxCompile>
  </ItemGroup>
</Project>